
Microsoft Visual Studio Solution File, Format Version 12.00
# Visual Studio 15
VisualStudioVersion = 15.0.28307.106
MinimumVisualStudioVersion = 10.0.40219.1
Project("{2150E333-8FDC-42A3-9474-1A3956D46DE8}") = "1- UI", "1- UI", "{B36DF428-F17E-44E3-871C-848474BBC278}"
EndProject
Project("{2150E333-8FDC-42A3-9474-1A3956D46DE8}") = "2- Domain", "2- Domain", "{8A50DE6A-B04A-437E-90F7-0F93BB544225}"
EndProject
Project("{2150E333-8FDC-42A3-9474-1A3956D46DE8}") = "3- Infrastructure", "3- Infrastructure", "{2E643754-E7CA-4B5F-AD69-18162626B7A2}"
EndProject
Project("{9A19103F-16F7-4668-BE54-9A1E7A4F7556}") = "SGBP.ApplicationCore", "src\SGBP.ApplicationCore\SGBP.ApplicationCore.csproj", "{5D5CF7BC-960B-4B5A-B903-C071FD10FB58}"
EndProject
Project("{9A19103F-16F7-4668-BE54-9A1E7A4F7556}") = "SGBP.Infrastructure", "src\SGBP.Infrastructure\SGBP.Infrastructure.csproj", "{7A474A89-F7BE-4F16-B21E-686B7F9ABFEC}"
EndProject
Global
	GlobalSection(SolutionConfigurationPlatforms) = preSolution
		Debug|Any CPU = Debug|Any CPU
		Release|Any CPU = Release|Any CPU
	EndGlobalSection
	GlobalSection(ProjectConfigurationPlatforms) = postSolution
		{5D5CF7BC-960B-4B5A-B903-C071FD10FB58}.Debug|Any CPU.ActiveCfg = Debug|Any CPU
		{5D5CF7BC-960B-4B5A-B903-C071FD10FB58}.Debug|Any CPU.Build.0 = Debug|Any CPU
		{5D5CF7BC-960B-4B5A-B903-C071FD10FB58}.Release|Any CPU.ActiveCfg = Release|Any CPU
		{5D5CF7BC-960B-4B5A-B903-C071FD10FB58}.Release|Any CPU.Build.0 = Release|Any CPU
		{7A474A89-F7BE-4F16-B21E-686B7F9ABFEC}.Debug|Any CPU.ActiveCfg = Debug|Any CPU
		{7A474A89-F7BE-4F16-B21E-686B7F9ABFEC}.Debug|Any CPU.Build.0 = Debug|Any CPU
		{7A474A89-F7BE-4F16-B21E-686B7F9ABFEC}.Release|Any CPU.ActiveCfg = Release|Any CPU
		{7A474A89-F7BE-4F16-B21E-686B7F9ABFEC}.Release|Any CPU.Build.0 = Release|Any CPU
	EndGlobalSection
	GlobalSection(SolutionProperties) = preSolution
		HideSolutionNode = FALSE
	EndGlobalSection
	GlobalSection(NestedProjects) = preSolution
		{5D5CF7BC-960B-4B5A-B903-C071FD10FB58} = {8A50DE6A-B04A-437E-90F7-0F93BB544225}
		{7A474A89-F7BE-4F16-B21E-686B7F9ABFEC} = {2E643754-E7CA-4B5F-AD69-18162626B7A2}
	EndGlobalSection
	GlobalSection(ExtensibilityGlobals) = postSolution
		SolutionGuid = {6427DE6E-10AB-4ADA-AB60-ED44DDF73012}
	EndGlobalSection
EndGlobal
